{
  "name": "bium",
  "version": "1.0.0",
  "lockfileVersion": 3,
  "requires": true,
  "packages": {
    "": {
      "name": "bium",
      "version": "1.0.0",
      "dependencies": {
        "bium": "file:.."
      }
    },
    "..": {
      "name": "bium",
      "version": "1.0.0"
    },
    "node_modules/bium": {
      "resolved": "..",
      "link": true
    }
  }
}
